
Microsoft Visual Studio Solution File, Format Version 12.00
# Visual Studio 15
VisualStudioVersion = 15.0.28307.572
MinimumVisualStudioVersion = 10.0.40219.1
Project("{FAE04EC0-301F-11D3-BF4B-00C04F79EFBC}") = "TestDateTimeTimePicker", "TestDateTimeTimePicker\TestDateTimeTimePicker.csproj", "{0F7208D6-7F4E-465F-83FF-3E5A2C08F56A}"
EndProject
Global
	GlobalSection(SolutionConfigurationPlatforms) = preSolution
		Debug|ARM = Debug|ARM
		Debug|ARM64 = Debug|ARM64
		Debug|x64 = Debug|x64
		Debug|x86 = Debug|x86
		Release|ARM = Release|ARM
		Release|ARM64 = Release|ARM64
		Release|x64 = Release|x64
		Release|x86 = Release|x86
	EndGlobalSection
	GlobalSection(ProjectConfigurationPlatforms) = postSolution
		{0F7208D6-7F4E-465F-83FF-3E5A2C08F56A}.Debug|ARM.ActiveCfg = Debug|ARM
		{0F7208D6-7F4E-465F-83FF-3E5A2C08F56A}.Debug|ARM.Build.0 = Debug|ARM
		{0F7208D6-7F4E-465F-83FF-3E5A2C08F56A}.Debug|ARM.Deploy.0 = Debug|ARM
		{0F7208D6-7F4E-465F-83FF-3E5A2C08F56A}.Debug|ARM64.ActiveCfg = Debug|ARM64
		{0F7208D6-7F4E-465F-83FF-3E5A2C08F56A}.Debug|ARM64.Build.0 = Debug|ARM64
		{0F7208D6-7F4E-465F-83FF-3E5A2C08F56A}.Debug|ARM64.Deploy.0 = Debug|ARM64
		{0F7208D6-7F4E-465F-83FF-3E5A2C08F56A}.Debug|x64.ActiveCfg = Debug|x64
		{0F7208D6-7F4E-465F-83FF-3E5A2C08F56A}.Debug|x64.Build.0 = Debug|x64
		{0F7208D6-7F4E-465F-83FF-3E5A2C08F56A}.Debug|x64.Deploy.0 = Debug|x64
		{0F7208D6-7F4E-465F-83FF-3E5A2C08F56A}.Debug|x86.ActiveCfg = Debug|x86
		{0F7208D6-7F4E-465F-83FF-3E5A2C08F56A}.Debug|x86.Build.0 = Debug|x86
		{0F7208D6-7F4E-465F-83FF-3E5A2C08F56A}.Debug|x86.Deploy.0 = Debug|x86
		{0F7208D6-7F4E-465F-83FF-3E5A2C08F56A}.Release|ARM.ActiveCfg = Release|ARM
		{0F7208D6-7F4E-465F-83FF-3E5A2C08F56A}.Release|ARM.Build.0 = Release|ARM
		{0F7208D6-7F4E-465F-83FF-3E5A2C08F56A}.Release|ARM.Deploy.0 = Release|ARM
		{0F7208D6-7F4E-465F-83FF-3E5A2C08F56A}.Release|ARM64.ActiveCfg = Release|ARM64
		{0F7208D6-7F4E-465F-83FF-3E5A2C08F56A}.Release|ARM64.Build.0 = Release|ARM64
		{0F7208D6-7F4E-465F-83FF-3E5A2C08F56A}.Release|ARM64.Deploy.0 = Release|ARM64
		{0F7208D6-7F4E-465F-83FF-3E5A2C08F56A}.Release|x64.ActiveCfg = Release|x64
		{0F7208D6-7F4E-465F-83FF-3E5A2C08F56A}.Release|x64.Build.0 = Release|x64
		{0F7208D6-7F4E-465F-83FF-3E5A2C08F56A}.Release|x64.Deploy.0 = Release|x64
		{0F7208D6-7F4E-465F-83FF-3E5A2C08F56A}.Release|x86.ActiveCfg = Release|x86
		{0F7208D6-7F4E-465F-83FF-3E5A2C08F56A}.Release|x86.Build.0 = Release|x86
		{0F7208D6-7F4E-465F-83FF-3E5A2C08F56A}.Release|x86.Deploy.0 = Release|x86
	EndGlobalSection
	GlobalSection(SolutionProperties) = preSolution
		HideSolutionNode = FALSE
	EndGlobalSection
	GlobalSection(ExtensibilityGlobals) = postSolution
		SolutionGuid = {A8AF92BA-BAFB-432E-8893-E879397598D7}
	EndGlobalSection
EndGlobal
